Microsoft Visual Studio Solution File, Format Version 8.00
Project("{8BC9CEB8-8B4A-11D0-8D11-00A0C91BC942}") = "liboggz", "liboggz.vcproj", "{63367224-9D03-495E-8172-B8A940B5D7BB}"
	ProjectSection(ProjectDependencies) = postProject
	EndProjectSection
EndProject
Project("{8BC9CEB8-8B4A-11D0-8D11-00A0C91BC942}") = "oggzdump", "oggzdump.vcproj", "{CE0AD0B6-90D0-4F3B-85B1-8C09AD6EDAF4}"
	ProjectSection(ProjectDependencies) = postProject
		{63367224-9D03-495E-8172-B8A940B5D7BB} = {63367224-9D03-495E-8172-B8A940B5D7BB}
	EndProjectSection
EndProject
Project("{8BC9CEB8-8B4A-11D0-8D11-00A0C91BC942}") = "oggzed", "oggzed.vcproj", "{151AB719-9953-4AA7-9EEB-2A59769C6AE3}"
	ProjectSection(ProjectDependencies) = postProject
		{63367224-9D03-495E-8172-B8A940B5D7BB} = {63367224-9D03-495E-8172-B8A940B5D7BB}
	EndProjectSection
EndProject
Project("{8BC9CEB8-8B4A-11D0-8D11-00A0C91BC942}") = "oggzinfo", "oggzinfo.vcproj", "{98E7D5E7-056D-4F82-AA3A-503A23482A30}"
	ProjectSection(ProjectDependencies) = postProject
		{63367224-9D03-495E-8172-B8A940B5D7BB} = {63367224-9D03-495E-8172-B8A940B5D7BB}
	EndProjectSection
EndProject
Global
	GlobalSection(SolutionConfiguration) = preSolution
		Debug = Debug
		Release = Release
	EndGlobalSection
	GlobalSection(ProjectConfiguration) = postSolution
		{63367224-9D03-495E-8172-B8A940B5D7BB}.Debug.ActiveCfg = Debug|Win32
		{63367224-9D03-495E-8172-B8A940B5D7BB}.Debug.Build.0 = Debug|Win32
		{63367224-9D03-495E-8172-B8A940B5D7BB}.Release.ActiveCfg = Release|Win32
		{63367224-9D03-495E-8172-B8A940B5D7BB}.Release.Build.0 = Release|Win32
		{CE0AD0B6-90D0-4F3B-85B1-8C09AD6EDAF4}.Debug.ActiveCfg = Debug|Win32
		{CE0AD0B6-90D0-4F3B-85B1-8C09AD6EDAF4}.Debug.Build.0 = Debug|Win32
		{CE0AD0B6-90D0-4F3B-85B1-8C09AD6EDAF4}.Release.ActiveCfg = Release|Win32
		{CE0AD0B6-90D0-4F3B-85B1-8C09AD6EDAF4}.Release.Build.0 = Release|Win32
		{151AB719-9953-4AA7-9EEB-2A59769C6AE3}.Debug.ActiveCfg = Debug|Win32
		{151AB719-9953-4AA7-9EEB-2A59769C6AE3}.Debug.Build.0 = Debug|Win32
		{151AB719-9953-4AA7-9EEB-2A59769C6AE3}.Release.ActiveCfg = Release|Win32
		{151AB719-9953-4AA7-9EEB-2A59769C6AE3}.Release.Build.0 = Release|Win32
		{98E7D5E7-056D-4F82-AA3A-503A23482A30}.Debug.ActiveCfg = Debug|Win32
		{98E7D5E7-056D-4F82-AA3A-503A23482A30}.Debug.Build.0 = Debug|Win32
		{98E7D5E7-056D-4F82-AA3A-503A23482A30}.Release.ActiveCfg = Release|Win32
		{98E7D5E7-056D-4F82-AA3A-503A23482A30}.Release.Build.0 = Release|Win32
	EndGlobalSection
	GlobalSection(ExtensibilityGlobals) = postSolution
	EndGlobalSection
	GlobalSection(ExtensibilityAddIns) = postSolution
	EndGlobalSection
EndGlobal
