Microsoft Visual Studio Solution File, Format Version 8.00
Project("{8BC9CEB8-8B4A-11D0-8D11-00A0C91BC942}") = "liboggz", "liboggz.vcproj", "{63367224-9D03-495E-8172-B8A940B5D7BB}"
	ProjectSection(ProjectDependencies) = postProject
	EndProjectSection
EndProject
Project("{8BC9CEB8-8B4A-11D0-8D11-00A0C91BC942}") = "oggzdump", "oggzdump.vcproj", "{CE0AD0B6-90D0-4F3B-85B1-8C09AD6EDAF4}"
	ProjectSection(ProjectDependencies) = postProject
		{63367224-9D03-495E-8172-B8A940B5D7BB} = {63367224-9D03-495E-8172-B8A940B5D7BB}
	EndProjectSection
EndProject
Project("{8BC9CEB8-8B4A-11D0-8D11-00A0C91BC942}") = "oggzinfo", "oggzinfo.vcproj", "{98E7D5E7-056D-4F82-AA3A-503A23482A30}"
	ProjectSection(ProjectDependencies) = postProject
		{63367224-9D03-495E-8172-B8A940B5D7BB} = {63367224-9D03-495E-8172-B8A940B5D7BB}
	EndProjectSection
EndProject
Project("{8BC9CEB8-8B4A-11D0-8D11-00A0C91BC942}") = "oggzmerge", "oggzmerge.vcproj", "{BD1FE319-CC2F-4087-89A3-2D940622F650}"
	ProjectSection(ProjectDependencies) = postProject
		{63367224-9D03-495E-8172-B8A940B5D7BB} = {63367224-9D03-495E-8172-B8A940B5D7BB}
	EndProjectSection
EndProject
Project("{8BC9CEB8-8B4A-11D0-8D11-00A0C91BC942}") = "oggzscan", "oggzscan.vcproj", "{994FEFAF-CB8B-4C11-A547-07F5D039DB35}"
	ProjectSection(ProjectDependencies) = postProject
		{63367224-9D03-495E-8172-B8A940B5D7BB} = {63367224-9D03-495E-8172-B8A940B5D7BB}
	EndProjectSection
EndProject
Project("{8BC9CEB8-8B4A-11D0-8D11-00A0C91BC942}") = "oggzrip", "oggzrip.vcproj", "{2C81A56A-B88B-4181-A887-5623C64D03EC}"
	ProjectSection(ProjectDependencies) = postProject
		{63367224-9D03-495E-8172-B8A940B5D7BB} = {63367224-9D03-495E-8172-B8A940B5D7BB}
	EndProjectSection
EndProject
Project("{8BC9CEB8-8B4A-11D0-8D11-00A0C91BC942}") = "oggzvalidate", "oggzvalidate.vcproj", "{95089C5B-EAAB-47EC-9C41-AC12712DE8CA}"
	ProjectSection(ProjectDependencies) = postProject
		{63367224-9D03-495E-8172-B8A940B5D7BB} = {63367224-9D03-495E-8172-B8A940B5D7BB}
	EndProjectSection
EndProject
Global
	GlobalSection(DPCodeReviewSolutionGUID) = preSolution
		DPCodeReviewSolutionGUID = {00000000-0000-0000-0000-000000000000}
	EndGlobalSection
	GlobalSection(SolutionConfiguration) = preSolution
		Debug = Debug
		Release = Release
	EndGlobalSection
	GlobalSection(ProjectConfiguration) = postSolution
		{63367224-9D03-495E-8172-B8A940B5D7BB}.Debug.ActiveCfg = Debug|Win32
		{63367224-9D03-495E-8172-B8A940B5D7BB}.Debug.Build.0 = Debug|Win32
		{63367224-9D03-495E-8172-B8A940B5D7BB}.Release.ActiveCfg = Release|Win32
		{63367224-9D03-495E-8172-B8A940B5D7BB}.Release.Build.0 = Release|Win32
		{CE0AD0B6-90D0-4F3B-85B1-8C09AD6EDAF4}.Debug.ActiveCfg = Debug|Win32
		{CE0AD0B6-90D0-4F3B-85B1-8C09AD6EDAF4}.Debug.Build.0 = Debug|Win32
		{CE0AD0B6-90D0-4F3B-85B1-8C09AD6EDAF4}.Release.ActiveCfg = Release|Win32
		{CE0AD0B6-90D0-4F3B-85B1-8C09AD6EDAF4}.Release.Build.0 = Release|Win32
		{98E7D5E7-056D-4F82-AA3A-503A23482A30}.Debug.ActiveCfg = Debug|Win32
		{98E7D5E7-056D-4F82-AA3A-503A23482A30}.Debug.Build.0 = Debug|Win32
		{98E7D5E7-056D-4F82-AA3A-503A23482A30}.Release.ActiveCfg = Release|Win32
		{98E7D5E7-056D-4F82-AA3A-503A23482A30}.Release.Build.0 = Release|Win32
		{BD1FE319-CC2F-4087-89A3-2D940622F650}.Debug.ActiveCfg = Debug|Win32
		{BD1FE319-CC2F-4087-89A3-2D940622F650}.Debug.Build.0 = Debug|Win32
		{BD1FE319-CC2F-4087-89A3-2D940622F650}.Release.ActiveCfg = Release|Win32
		{BD1FE319-CC2F-4087-89A3-2D940622F650}.Release.Build.0 = Release|Win32
		{994FEFAF-CB8B-4C11-A547-07F5D039DB35}.Debug.ActiveCfg = Debug|Win32
		{994FEFAF-CB8B-4C11-A547-07F5D039DB35}.Debug.Build.0 = Debug|Win32
		{994FEFAF-CB8B-4C11-A547-07F5D039DB35}.Release.ActiveCfg = Release|Win32
		{994FEFAF-CB8B-4C11-A547-07F5D039DB35}.Release.Build.0 = Release|Win32
		{2C81A56A-B88B-4181-A887-5623C64D03EC}.Debug.ActiveCfg = Debug|Win32
		{2C81A56A-B88B-4181-A887-5623C64D03EC}.Debug.Build.0 = Debug|Win32
		{2C81A56A-B88B-4181-A887-5623C64D03EC}.Release.ActiveCfg = Release|Win32
		{2C81A56A-B88B-4181-A887-5623C64D03EC}.Release.Build.0 = Release|Win32
		{95089C5B-EAAB-47EC-9C41-AC12712DE8CA}.Debug.ActiveCfg = Debug|Win32
		{95089C5B-EAAB-47EC-9C41-AC12712DE8CA}.Debug.Build.0 = Debug|Win32
		{95089C5B-EAAB-47EC-9C41-AC12712DE8CA}.Release.ActiveCfg = Release|Win32
		{95089C5B-EAAB-47EC-9C41-AC12712DE8CA}.Release.Build.0 = Release|Win32
	EndGlobalSection
	GlobalSection(ExtensibilityGlobals) = postSolution
	EndGlobalSection
	GlobalSection(ExtensibilityAddIns) = postSolution
	EndGlobalSection
EndGlobal
